
Microsoft Visual Studio Solution File, Format Version 12.00
# Visual Studio Version 17
VisualStudioVersion = 17.12.35527.113
MinimumVisualStudioVersion = 10.0.40219.1
Project("{FAE04EC0-301F-11D3-BF4B-00C04F79EFBC}") = "PT.Data", "PT.Data\PT.Data.csproj", "{2CC9780F-F130-4180-9E07-2AB7CE97062D}"
EndProject
Project("{FAE04EC0-301F-11D3-BF4B-00C04F79EFBC}") = "PT.Logic", "PT.Logic\PT.Logic.csproj", "{D9305B08-1251-41EC-A04A-71091343E43C}"
EndProject
Project("{FAE04EC0-301F-11D3-BF4B-00C04F79EFBC}") = "PT.Tests", "PT.Tests\PT.Tests.csproj", "{25E512EC-106A-4788-8F0B-CCE9802AD013}"
EndProject
Global
	GlobalSection(SolutionConfigurationPlatforms) = preSolution
		Debug|Any CPU = Debug|Any CPU
		Release|Any CPU = Release|Any CPU
	EndGlobalSection
	GlobalSection(ProjectConfigurationPlatforms) = postSolution
		{2CC9780F-F130-4180-9E07-2AB7CE97062D}.Debug|Any CPU.ActiveCfg = Debug|Any CPU
		{2CC9780F-F130-4180-9E07-2AB7CE97062D}.Debug|Any CPU.Build.0 = Debug|Any CPU
		{2CC9780F-F130-4180-9E07-2AB7CE97062D}.Release|Any CPU.ActiveCfg = Release|Any CPU
		{2CC9780F-F130-4180-9E07-2AB7CE97062D}.Release|Any CPU.Build.0 = Release|Any CPU
		{D9305B08-1251-41EC-A04A-71091343E43C}.Debug|Any CPU.ActiveCfg = Debug|Any CPU
		{D9305B08-1251-41EC-A04A-71091343E43C}.Debug|Any CPU.Build.0 = Debug|Any CPU
		{D9305B08-1251-41EC-A04A-71091343E43C}.Release|Any CPU.ActiveCfg = Release|Any CPU
		{D9305B08-1251-41EC-A04A-71091343E43C}.Release|Any CPU.Build.0 = Release|Any CPU
		{25E512EC-106A-4788-8F0B-CCE9802AD013}.Debug|Any CPU.ActiveCfg = Debug|Any CPU
		{25E512EC-106A-4788-8F0B-CCE9802AD013}.Debug|Any CPU.Build.0 = Debug|Any CPU
		{25E512EC-106A-4788-8F0B-CCE9802AD013}.Release|Any CPU.ActiveCfg = Release|Any CPU
		{25E512EC-106A-4788-8F0B-CCE9802AD013}.Release|Any CPU.Build.0 = Release|Any CPU
	EndGlobalSection
	GlobalSection(SolutionProperties) = preSolution
		HideSolutionNode = FALSE
	EndGlobalSection
EndGlobal
